
Microsoft Visual Studio Solution File, Format Version 12.00
# Visual Studio 15
VisualStudioVersion = 15.0.28010.2036
MinimumVisualStudioVersion = 10.0.40219.1
Project("{FAE04EC0-301F-11D3-BF4B-00C04F79EFBC}") = "MyCat_BaseDeArchitectureDotNet_ASP_Net_Core_MVC6", "MyCat_BaseDeArchitectureDotNet_ASP-Net_Core_MVC6\MyCat_BaseDeArchitectureDotNet_ASP_Net_Core_MVC6.csproj", "{57F5B9DD-A9B4-4E45-84A8-33A00F7ACC82}"
EndProject
Global
	GlobalSection(SolutionConfigurationPlatforms) = preSolution
		Debug|Any CPU = Debug|Any CPU
		Release|Any CPU = Release|Any CPU
	EndGlobalSection
	GlobalSection(ProjectConfigurationPlatforms) = postSolution
		{57F5B9DD-A9B4-4E45-84A8-33A00F7ACC82}.Debug|Any CPU.ActiveCfg = Debug|Any CPU
		{57F5B9DD-A9B4-4E45-84A8-33A00F7ACC82}.Debug|Any CPU.Build.0 = Debug|Any CPU
		{57F5B9DD-A9B4-4E45-84A8-33A00F7ACC82}.Release|Any CPU.ActiveCfg = Release|Any CPU
		{57F5B9DD-A9B4-4E45-84A8-33A00F7ACC82}.Release|Any CPU.Build.0 = Release|Any CPU
	EndGlobalSection
	GlobalSection(SolutionProperties) = preSolution
		HideSolutionNode = FALSE
	EndGlobalSection
	GlobalSection(ExtensibilityGlobals) = postSolution
		SolutionGuid = {EEE3F192-F1A1-4D01-B9BF-C6DF139EF71E}
	EndGlobalSection
EndGlobal
